// !$*UTF8*$!
{
	archiveVersion = 1;
	classes = {
	};
	objectVersion = 46;
	objects = {

/* Begin PBXBuildFile section */
		18E75EB81BB22BCC00814369 /* main.m in Sources */ = {isa = PBXBuildFile; fileRef = 18E75EB71BB22BCC00814369 /* main.m */; };
		18E75EBF1BB22DA100814369 /* Car.m in Sources */ = {isa = PBXBuildFile; fileRef = 18E75EBE1BB22DA100814369 /* Car.m */; settings = {ASSET_TAGS = (); }; };
		18E75EC41BB269CB00814369 /* Calculator.m in Sources */ = {isa = PBXBuildFile; fileRef = 18E75EC31BB269CB00814369 /* Calculator.m */; settings = {ASSET_TAGS = (); }; };
/* End PBXBuildFile section */

/* Begin PBXCopyFilesBuildPhase section */
		18E75EB21BB22BCC00814369 /* CopyFiles */ = {
			isa = PBXCopyFilesBuildPhase;
			buildActionMask = 2147483647;
			dstPath = /usr/share/man/man1/;
			dstSubfolderSpec = 0;
			files = (
			);
			runOnlyForDeploymentPostprocessing = 1;
		};
/* End PBXCopyFilesBuildPhase section */

/* Begin PBXFileReference section */
		18E75EB41BB22BCC00814369 /* ObjectiveStudyTest */ = {isa = PBXFileReference; explicitFileType = "compiled.mach-o.executable"; includeInIndex = 0; path = ObjectiveStudyTest; sourceTree = BUILT_PRODUCTS_DIR; };
		18E75EB71BB22BCC00814369 /* main.m */ = {isa = PBXFileReference; lastKnownFileType = sourcecode.c.objc; path = main.m; sourceTree = "<group>"; };
		18E75EBE1BB22DA100814369 /* Car.m */ = {isa = PBXFileReference; fileEncoding = 4; lastKnownFileType = sourcecode.c.objc; name = Car.m; path = com/nanxiaoqiang/test/objectivec/class1/Car.m; sourceTree = "<group>"; };
		18E75EC31BB269CB00814369 /* Calculator.m */ = {isa = PBXFileReference; fileEncoding = 4; lastKnownFileType = sourcecode.c.objc; name = Calculator.m; path = com/nanxiaoqiang/test/objectivec/expression/Calculator.m; sourceTree = "<group>"; };
		18E75EC51BB26A5900814369 /* Calculator.h */ = {isa = PBXFileReference; lastKnownFileType = sourcecode.c.h; name = Calculator.h; path = com/nanxiaoqiang/test/objectivec/expression/Calculator.h; sourceTree = "<group>"; };
		18E75EC61BB26A9300814369 /* Car.h */ = {isa = PBXFileReference; lastKnownFileType = sourcecode.c.h; name = Car.h; path = com/nanxiaoqiang/test/objectivec/class1/Car.h; sourceTree = "<group>"; };
/* End PBXFileReference section */

/* Begin PBXFrameworksBuildPhase section */
		18E75EB11BB22BCC00814369 /* Frameworks */ = {
			isa = PBXFrameworksBuildPhase;
			buildActionMask = 2147483647;
			files = (
			);
			runOnlyForDeploymentPostprocessing = 0;
		};
/* End PBXFrameworksBuildPhase section */

/* Begin PBXGroup section */
		18E75EAB1BB22BCC00814369 = {
			isa = PBXGroup;
			children = (
				18E75EB61BB22BCC00814369 /* ObjectiveStudyTest */,
				18E75EB51BB22BCC00814369 /* Products */,
			);
			sourceTree = "<group>";
		};
		18E75EB51BB22BCC00814369 /* Products */ = {
			isa = PBXGroup;
			children = (
				18E75EB41BB22BCC00814369 /* ObjectiveStudyTest */,
			);
			name = Products;
			sourceTree = "<group>";
		};
		18E75EB61BB22BCC00814369 /* ObjectiveStudyTest */ = {
			isa = PBXGroup;
			children = (
				18E75EC51BB26A5900814369 /* Calculator.h */,
				18E75EC31BB269CB00814369 /* Calculator.m */,
				18E75EB71BB22BCC00814369 /* main.m */,
				18E75EBE1BB22DA100814369 /* Car.m */,
				18E75EC61BB26A9300814369 /* Car.h */,
			);
			path = ObjectiveStudyTest;
			sourceTree = "<group>";
		};
/* End PBXGroup section */

/* Begin PBXNativeTarget section */
		18E75EB31BB22BCC00814369 /* ObjectiveStudyTest */ = {
			isa = PBXNativeTarget;
			buildConfigurationList = 18E75EBB1BB22BCC00814369 /* Build configuration list for PBXNativeTarget "ObjectiveStudyTest" */;
			buildPhases = (
				18E75EB01BB22BCC00814369 /* Sources */,
				18E75EB11BB22BCC00814369 /* Frameworks */,
				18E75EB21BB22BCC00814369 /* CopyFiles */,
			);
			buildRules = (
			);
			dependencies = (
			);
			name = ObjectiveStudyTest;
			productName = ObjectiveStudyTest;
			productReference = 18E75EB41BB22BCC00814369 /* ObjectiveStudyTest */;
			productType = "com.apple.product-type.tool";
		};
/* End PBXNativeTarget section */

/* Begin PBXProject section */
		18E75EAC1BB22BCC00814369 /* Project object */ = {
			isa = PBXProject;
			attributes = {
				LastUpgradeCheck = 0700;
				ORGANIZATIONNAME = nanxiaoqiang;
				TargetAttributes = {
					18E75EB31BB22BCC00814369 = {
						CreatedOnToolsVersion = 7.0;
					};
				};
			};
			buildConfigurationList = 18E75EAF1BB22BCC00814369 /* Build configuration list for PBXProject "ObjectiveStudyTest" */;
			compatibilityVersion = "Xcode 3.2";
			developmentRegion = English;
			hasScannedForEncodings = 0;
			knownRegions = (
				en,
			);
			mainGroup = 18E75EAB1BB22BCC00814369;
			productRefGroup = 18E75EB51BB22BCC00814369 /* Products */;
			projectDirPath = "";
			projectRoot = "";
			targets = (
				18E75EB31BB22BCC00814369 /* ObjectiveStudyTest */,
			);
		};
/* End PBXProject section */

/* Begin PBXSourcesBuildPhase section */
		18E75EB01BB22BCC00814369 /* Sources */ = {
			isa = PBXSourcesBuildPhase;
			buildActionMask = 2147483647;
			files = (
				18E75EBF1BB22DA100814369 /* Car.m in Sources */,
				18E75EC41BB269CB00814369 /* Calculator.m in Sources */,
				18E75EB81BB22BCC00814369 /* main.m in Sources */,
			);
			runOnlyForDeploymentPostprocessing = 0;
		};
/* End PBXSourcesBuildPhase section */

/* Begin XCBuildConfiguration section */
		18E75EB91BB22BCC00814369 /* Debug */ = {
			isa = XCBuildConfiguration;
			buildSettings = {
				ALWAYS_SEARCH_USER_PATHS = NO;
				CLANG_CXX_LANGUAGE_STANDARD = "gnu++0x";
				CLANG_CXX_LIBRARY = "libc++";
				CLANG_ENABLE_MODULES = YES;
				CLANG_ENABLE_OBJC_ARC = YES;
				CLANG_WARN_BOOL_CONVERSION = YES;
				CLANG_WARN_CONSTANT_CONVERSION = YES;
				CLANG_WARN_DIRECT_OBJC_ISA_USAGE = YES_ERROR;
				CLANG_WARN_EMPTY_BODY = YES;
				CLANG_WARN_ENUM_CONVERSION = YES;
				CLANG_WARN_INT_CONVERSION = YES;
				CLANG_WARN_OBJC_ROOT_CLASS = YES_ERROR;
				CLANG_WARN_UNREACHABLE_CODE = YES;
				CLANG_WARN__DUPLICATE_METHOD_MATCH = YES;
				COPY_PHASE_STRIP = NO;
				DEBUG_INFORMATION_FORMAT = dwarf;
				ENABLE_STRICT_OBJC_MSGSEND = YES;
				ENABLE_TESTABILITY = YES;
				GCC_C_LANGUAGE_STANDARD = gnu99;
				GCC_DYNAMIC_NO_PIC = NO;
				GCC_NO_COMMON_BLOCKS = YES;
				GCC_OPTIMIZATION_LEVEL = 0;
				GCC_PREPROCESSOR_DEFINITIONS = (
					"DEBUG=1",
					"$(inherited)",
				);
				GCC_WARN_64_TO_32_BIT_CONVERSION = YES;
				GCC_WARN_ABOUT_RETURN_TYPE = YES_ERROR;
				GCC_WARN_UNDECLARED_SELECTOR = YES;
				GCC_WARN_UNINITIALIZED_AUTOS = YES_AGGRESSIVE;
				GCC_WARN_UNUSED_FUNCTION = YES;
				GCC_WARN_UNUSED_VARIABLE = YES;
				MACOSX_DEPLOYMENT_TARGET = 10.10;
				MTL_ENABLE_DEBUG_INFO = YES;
				ONLY_ACTIVE_ARCH = YES;
				SDKROOT = macosx;
			};
			name = Debug;
		};
		18E75EBA1BB22BCC00814369 /* Release */ = {
			isa = XCBuildConfiguration;
			buildSettings = {
				ALWAYS_SEARCH_USER_PATHS = NO;
				CLANG_CXX_LANGUAGE_STANDARD = "gnu++0x";
				CLANG_CXX_LIBRARY = "libc++";
				CLANG_ENABLE_MODULES = YES;
				CLANG_ENABLE_OBJC_ARC = YES;
				CLANG_WARN_BOOL_CONVERSION = YES;
				CLANG_WARN_CONSTANT_CONVERSION = YES;
				CLANG_WARN_DIRECT_OBJC_ISA_USAGE = YES_ERROR;
				CLANG_WARN_EMPTY_BODY = YES;
				CLANG_WARN_ENUM_CONVERSION = YES;
				CLANG_WARN_INT_CONVERSION = YES;
				CLANG_WARN_OBJC_ROOT_CLASS = YES_ERROR;
				CLANG_WARN_UNREACHABLE_CODE = YES;
				CLANG_WARN__DUPLICATE_METHOD_MATCH = YES;
				COPY_PHASE_STRIP = NO;
				DEBUG_INFORMATION_FORMAT = "dwarf-with-dsym";
				ENABLE_NS_ASSERTIONS = NO;
				ENABLE_STRICT_OBJC_MSGSEND = YES;
				GCC_C_LANGUAGE_STANDARD = gnu99;
				GCC_NO_COMMON_BLOCKS = YES;
				GCC_WARN_64_TO_32_BIT_CONVERSION = YES;
				GCC_WARN_ABOUT_RETURN_TYPE = YES_ERROR;
				GCC_WARN_UNDECLARED_SELECTOR = YES;
				GCC_WARN_UNINITIALIZED_AUTOS = YES_AGGRESSIVE;
				GCC_WARN_UNUSED_FUNCTION = YES;
				GCC_WARN_UNUSED_VARIABLE = YES;
				MACOSX_DEPLOYMENT_TARGET = 10.10;
				MTL_ENABLE_DEBUG_INFO = NO;
				SDKROOT = macosx;
			};
			name = Release;
		};
		18E75EBC1BB22BCC00814369 /* Debug */ = {
			isa = XCBuildConfiguration;
			buildSettings = {
				PRODUCT_NAME = "$(TARGET_NAME)";
			};
			name = Debug;
		};
		18E75EBD1BB22BCC00814369 /* Release */ = {
			isa = XCBuildConfiguration;
			buildSettings = {
				PRODUCT_NAME = "$(TARGET_NAME)";
			};
			name = Release;
		};
/* End XCBuildConfiguration section */

/* Begin XCConfigurationList section */
		18E75EAF1BB22BCC00814369 /* Build configuration list for PBXProject "ObjectiveStudyTest" */ = {
			isa = XCConfigurationList;
			buildConfigurations = (
				18E75EB91BB22BCC00814369 /* Debug */,
				18E75EBA1BB22BCC00814369 /* Release */,
			);
			defaultConfigurationIsVisible = 0;
			defaultConfigurationName = Release;
		};
		18E75EBB1BB22BCC00814369 /* Build configuration list for PBXNativeTarget "ObjectiveStudyTest" */ = {
			isa = XCConfigurationList;
			buildConfigurations = (
				18E75EBC1BB22BCC00814369 /* Debug */,
				18E75EBD1BB22BCC00814369 /* Release */,
			);
			defaultConfigurationIsVisible = 0;
		};
/* End XCConfigurationList section */
	};
	rootObject = 18E75EAC1BB22BCC00814369 /* Project object */;
}
