// !$*UTF8*$!
{
	archiveVersion = 1;
	classes = {
	};
	objectVersion = 46;
	objects = {

/* Begin PBXBuildFile section */
		18660E5F1BB39CB70012B108 /* MyBool.m in Sources */ = {isa = PBXBuildFile; fileRef = 18660E5E1BB39CB70012B108 /* MyBool.m */; settings = {ASSET_TAGS = (); }; };
		18660E631BB3A0220012B108 /* WordLength.m in Sources */ = {isa = PBXBuildFile; fileRef = 18660E621BB3A0220012B108 /* WordLength.m */; settings = {ASSET_TAGS = (); }; };
		18660E671BB3B7250012B108 /* Shape.m in Sources */ = {isa = PBXBuildFile; fileRef = 18660E661BB3B7250012B108 /* Shape.m */; settings = {ASSET_TAGS = (); }; };
		18660E691BB3B8FE0012B108 /* Circle.m in Sources */ = {isa = PBXBuildFile; fileRef = 18660E681BB3B8FE0012B108 /* Circle.m */; settings = {ASSET_TAGS = (); }; };
		18660E6B1BB3BC3C0012B108 /* Rectangle.m in Sources */ = {isa = PBXBuildFile; fileRef = 18660E6A1BB3BC3C0012B108 /* Rectangle.m */; settings = {ASSET_TAGS = (); }; };
		18660E6E1BB3D7F40012B108 /* TestNSString.m in Sources */ = {isa = PBXBuildFile; fileRef = 18660E6D1BB3D7F40012B108 /* TestNSString.m */; settings = {ASSET_TAGS = (); }; };
		18660E711BB3F65F0012B108 /* TestNSMutableString.m in Sources */ = {isa = PBXBuildFile; fileRef = 18660E701BB3F65F0012B108 /* TestNSMutableString.m */; settings = {ASSET_TAGS = (); }; };
		18660E751BB3FA320012B108 /* TestNSArray.m in Sources */ = {isa = PBXBuildFile; fileRef = 18660E741BB3FA320012B108 /* TestNSArray.m */; settings = {ASSET_TAGS = (); }; };
		18660E781BB61A790012B108 /* TestInitClass.m in Sources */ = {isa = PBXBuildFile; fileRef = 18660E771BB61A790012B108 /* TestInitClass.m */; settings = {ASSET_TAGS = (); }; };
		18660E7B1BB646720012B108 /* TestClass.m in Sources */ = {isa = PBXBuildFile; fileRef = 18660E7A1BB646720012B108 /* TestClass.m */; settings = {ASSET_TAGS = (); }; };
		18E75EB81BB22BCC00814369 /* main.m in Sources */ = {isa = PBXBuildFile; fileRef = 18E75EB71BB22BCC00814369 /* main.m */; };
		18E75EBF1BB22DA100814369 /* Car.m in Sources */ = {isa = PBXBuildFile; fileRef = 18E75EBE1BB22DA100814369 /* Car.m */; settings = {ASSET_TAGS = (); }; };
		18E75EC41BB269CB00814369 /* Calculator.m in Sources */ = {isa = PBXBuildFile; fileRef = 18E75EC31BB269CB00814369 /* Calculator.m */; settings = {ASSET_TAGS = (); }; };
		18E75ED01BB27E8300814369 /* MyLoop.m in Sources */ = {isa = PBXBuildFile; fileRef = 18E75ECF1BB27E8300814369 /* MyLoop.m */; settings = {ASSET_TAGS = (); }; };
/* End PBXBuildFile section */

/* Begin PBXCopyFilesBuildPhase section */
		18E75EB21BB22BCC00814369 /* CopyFiles */ = {
			isa = PBXCopyFilesBuildPhase;
			buildActionMask = 2147483647;
			dstPath = /usr/share/man/man1/;
			dstSubfolderSpec = 0;
			files = (
			);
			runOnlyForDeploymentPostprocessing = 1;
		};
/* End PBXCopyFilesBuildPhase section */

/* Begin PBXFileReference section */
		18660E5D1BB39C7E0012B108 /* MyBool.h */ = {isa = PBXFileReference; lastKnownFileType = sourcecode.c.h; name = MyBool.h; path = com/nanxiaoqiang/test/objectivec/bool/MyBool.h; sourceTree = "<group>"; };
		18660E5E1BB39CB70012B108 /* MyBool.m */ = {isa = PBXFileReference; fileEncoding = 4; lastKnownFileType = sourcecode.c.objc; name = MyBool.m; path = com/nanxiaoqiang/test/objectivec/bool/MyBool.m; sourceTree = "<group>"; };
		18660E611BB39FDF0012B108 /* WordLength.h */ = {isa = PBXFileReference; lastKnownFileType = sourcecode.c.h; name = WordLength.h; path = com/nanxiaoqiang/test/objectivec/string/WordLength.h; sourceTree = "<group>"; };
		18660E621BB3A0220012B108 /* WordLength.m */ = {isa = PBXFileReference; fileEncoding = 4; lastKnownFileType = sourcecode.c.objc; name = WordLength.m; path = com/nanxiaoqiang/test/objectivec/string/WordLength.m; sourceTree = "<group>"; };
		18660E651BB3B5F30012B108 /* Shape.h */ = {isa = PBXFileReference; lastKnownFileType = sourcecode.c.h; name = Shape.h; path = com/nanxiaoqiang/test/objectivec/extends/Shape.h; sourceTree = "<group>"; };
		18660E661BB3B7250012B108 /* Shape.m */ = {isa = PBXFileReference; fileEncoding = 4; lastKnownFileType = sourcecode.c.objc; name = Shape.m; path = com/nanxiaoqiang/test/objectivec/extends/Shape.m; sourceTree = "<group>"; };
		18660E681BB3B8FE0012B108 /* Circle.m */ = {isa = PBXFileReference; fileEncoding = 4; lastKnownFileType = sourcecode.c.objc; name = Circle.m; path = com/nanxiaoqiang/test/objectivec/extends/Circle.m; sourceTree = "<group>"; };
		18660E6A1BB3BC3C0012B108 /* Rectangle.m */ = {isa = PBXFileReference; fileEncoding = 4; lastKnownFileType = sourcecode.c.objc; name = Rectangle.m; path = com/nanxiaoqiang/test/objectivec/extends/Rectangle.m; sourceTree = "<group>"; };
		18660E6C1BB3D7B90012B108 /* TestNSString.h */ = {isa = PBXFileReference; lastKnownFileType = sourcecode.c.h; name = TestNSString.h; path = com/nanxiaoqiang/test/objectivec/string/TestNSString.h; sourceTree = "<group>"; };
		18660E6D1BB3D7F40012B108 /* TestNSString.m */ = {isa = PBXFileReference; fileEncoding = 4; lastKnownFileType = sourcecode.c.objc; name = TestNSString.m; path = com/nanxiaoqiang/test/objectivec/string/TestNSString.m; sourceTree = "<group>"; };
		18660E6F1BB3F62B0012B108 /* TestNSMutableString.h */ = {isa = PBXFileReference; lastKnownFileType = sourcecode.c.h; name = TestNSMutableString.h; path = com/nanxiaoqiang/test/objectivec/string/TestNSMutableString.h; sourceTree = "<group>"; };
		18660E701BB3F65F0012B108 /* TestNSMutableString.m */ = {isa = PBXFileReference; fileEncoding = 4; lastKnownFileType = sourcecode.c.objc; name = TestNSMutableString.m; path = com/nanxiaoqiang/test/objectivec/string/TestNSMutableString.m; sourceTree = "<group>"; };
		18660E731BB3FA0E0012B108 /* TestNSArray.h */ = {isa = PBXFileReference; lastKnownFileType = sourcecode.c.h; name = TestNSArray.h; path = com/nanxiaoqiang/test/objectivec/collection/TestNSArray.h; sourceTree = "<group>"; };
		18660E741BB3FA320012B108 /* TestNSArray.m */ = {isa = PBXFileReference; fileEncoding = 4; lastKnownFileType = sourcecode.c.objc; name = TestNSArray.m; path = com/nanxiaoqiang/test/objectivec/collection/TestNSArray.m; sourceTree = "<group>"; };
		18660E761BB61A540012B108 /* TestInitClass.h */ = {isa = PBXFileReference; lastKnownFileType = sourcecode.c.h; name = TestInitClass.h; path = com/nanxiaoqiang/test/objectivec/class1/TestInitClass.h; sourceTree = "<group>"; };
		18660E771BB61A790012B108 /* TestInitClass.m */ = {isa = PBXFileReference; fileEncoding = 4; lastKnownFileType = sourcecode.c.objc; name = TestInitClass.m; path = com/nanxiaoqiang/test/objectivec/class1/TestInitClass.m; sourceTree = "<group>"; };
		18660E791BB646720012B108 /* TestClass.h */ = {isa = PBXFileReference; fileEncoding = 4; lastKnownFileType = sourcecode.c.h; name = TestClass.h; path = com/nanxiaoqiang/test/objectivec/class1/TestClass.h; sourceTree = "<group>"; };
		18660E7A1BB646720012B108 /* TestClass.m */ = {isa = PBXFileReference; fileEncoding = 4; lastKnownFileType = sourcecode.c.objc; name = TestClass.m; path = com/nanxiaoqiang/test/objectivec/class1/TestClass.m; sourceTree = "<group>"; };
		18E75EB41BB22BCC00814369 /* ObjectiveStudyTest */ = {isa = PBXFileReference; explicitFileType = "compiled.mach-o.executable"; includeInIndex = 0; path = ObjectiveStudyTest; sourceTree = BUILT_PRODUCTS_DIR; };
		18E75EB71BB22BCC00814369 /* main.m */ = {isa = PBXFileReference; lastKnownFileType = sourcecode.c.objc; path = main.m; sourceTree = "<group>"; };
		18E75EBE1BB22DA100814369 /* Car.m */ = {isa = PBXFileReference; fileEncoding = 4; lastKnownFileType = sourcecode.c.objc; name = Car.m; path = com/nanxiaoqiang/test/objectivec/class1/Car.m; sourceTree = "<group>"; };
		18E75EC31BB269CB00814369 /* Calculator.m */ = {isa = PBXFileReference; fileEncoding = 4; lastKnownFileType = sourcecode.c.objc; name = Calculator.m; path = com/nanxiaoqiang/test/objectivec/expression/Calculator.m; sourceTree = "<group>"; };
		18E75EC51BB26A5900814369 /* Calculator.h */ = {isa = PBXFileReference; lastKnownFileType = sourcecode.c.h; name = Calculator.h; path = com/nanxiaoqiang/test/objectivec/expression/Calculator.h; sourceTree = "<group>"; };
		18E75EC61BB26A9300814369 /* Car.h */ = {isa = PBXFileReference; lastKnownFileType = sourcecode.c.h; name = Car.h; path = com/nanxiaoqiang/test/objectivec/class1/Car.h; sourceTree = "<group>"; };
		18E75ECE1BB27B2C00814369 /* MyLoop.h */ = {isa = PBXFileReference; lastKnownFileType = sourcecode.c.h; name = MyLoop.h; path = com/nanxiaoqiang/test/objectivec/loop/MyLoop.h; sourceTree = "<group>"; };
		18E75ECF1BB27E8300814369 /* MyLoop.m */ = {isa = PBXFileReference; fileEncoding = 4; lastKnownFileType = sourcecode.c.objc; name = MyLoop.m; path = com/nanxiaoqiang/test/objectivec/loop/MyLoop.m; sourceTree = "<group>"; };
/* End PBXFileReference section */

/* Begin PBXFrameworksBuildPhase section */
		18E75EB11BB22BCC00814369 /* Frameworks */ = {
			isa = PBXFrameworksBuildPhase;
			buildActionMask = 2147483647;
			files = (
			);
			runOnlyForDeploymentPostprocessing = 0;
		};
/* End PBXFrameworksBuildPhase section */

/* Begin PBXGroup section */
		18660E5C1BB39C530012B108 /* bool */ = {
			isa = PBXGroup;
			children = (
				18660E5D1BB39C7E0012B108 /* MyBool.h */,
				18660E5E1BB39CB70012B108 /* MyBool.m */,
			);
			name = bool;
			sourceTree = "<group>";
		};
		18660E601BB39FBB0012B108 /* string */ = {
			isa = PBXGroup;
			children = (
				18660E611BB39FDF0012B108 /* WordLength.h */,
				18660E621BB3A0220012B108 /* WordLength.m */,
				18660E6C1BB3D7B90012B108 /* TestNSString.h */,
				18660E6D1BB3D7F40012B108 /* TestNSString.m */,
				18660E6F1BB3F62B0012B108 /* TestNSMutableString.h */,
				18660E701BB3F65F0012B108 /* TestNSMutableString.m */,
			);
			name = string;
			sourceTree = "<group>";
		};
		18660E641BB3B5D90012B108 /* extends */ = {
			isa = PBXGroup;
			children = (
				18660E651BB3B5F30012B108 /* Shape.h */,
				18660E661BB3B7250012B108 /* Shape.m */,
				18660E681BB3B8FE0012B108 /* Circle.m */,
				18660E6A1BB3BC3C0012B108 /* Rectangle.m */,
			);
			name = extends;
			sourceTree = "<group>";
		};
		18660E721BB3F9860012B108 /* collection */ = {
			isa = PBXGroup;
			children = (
				18660E731BB3FA0E0012B108 /* TestNSArray.h */,
				18660E741BB3FA320012B108 /* TestNSArray.m */,
			);
			name = collection;
			sourceTree = "<group>";
		};
		18E75EAB1BB22BCC00814369 = {
			isa = PBXGroup;
			children = (
				18E75EB61BB22BCC00814369 /* ObjectiveStudyTest */,
				18E75EB51BB22BCC00814369 /* Products */,
			);
			sourceTree = "<group>";
		};
		18E75EB51BB22BCC00814369 /* Products */ = {
			isa = PBXGroup;
			children = (
				18E75EB41BB22BCC00814369 /* ObjectiveStudyTest */,
			);
			name = Products;
			sourceTree = "<group>";
		};
		18E75EB61BB22BCC00814369 /* ObjectiveStudyTest */ = {
			isa = PBXGroup;
			children = (
				18E75EC71BB27A6C00814369 /* com */,
				18E75EB71BB22BCC00814369 /* main.m */,
			);
			path = ObjectiveStudyTest;
			sourceTree = "<group>";
		};
		18E75EC71BB27A6C00814369 /* com */ = {
			isa = PBXGroup;
			children = (
				18E75EC81BB27A7D00814369 /* nanxiaoqian */,
			);
			name = com;
			sourceTree = "<group>";
		};
		18E75EC81BB27A7D00814369 /* nanxiaoqian */ = {
			isa = PBXGroup;
			children = (
				18E75EC91BB27AA400814369 /* test */,
			);
			name = nanxiaoqian;
			sourceTree = "<group>";
		};
		18E75EC91BB27AA400814369 /* test */ = {
			isa = PBXGroup;
			children = (
				18E75ECA1BB27AB400814369 /* objectivec */,
			);
			name = test;
			sourceTree = "<group>";
		};
		18E75ECA1BB27AB400814369 /* objectivec */ = {
			isa = PBXGroup;
			children = (
				18660E721BB3F9860012B108 /* collection */,
				18660E641BB3B5D90012B108 /* extends */,
				18660E601BB39FBB0012B108 /* string */,
				18660E5C1BB39C530012B108 /* bool */,
				18E75ECD1BB27AED00814369 /* loop */,
				18E75ECC1BB27AC400814369 /* expression */,
				18E75ECB1BB27ABD00814369 /* class1 */,
			);
			name = objectivec;
			sourceTree = "<group>";
		};
		18E75ECB1BB27ABD00814369 /* class1 */ = {
			isa = PBXGroup;
			children = (
				18E75EC61BB26A9300814369 /* Car.h */,
				18E75EBE1BB22DA100814369 /* Car.m */,
				18660E761BB61A540012B108 /* TestInitClass.h */,
				18660E771BB61A790012B108 /* TestInitClass.m */,
				18660E791BB646720012B108 /* TestClass.h */,
				18660E7A1BB646720012B108 /* TestClass.m */,
			);
			name = class1;
			sourceTree = "<group>";
		};
		18E75ECC1BB27AC400814369 /* expression */ = {
			isa = PBXGroup;
			children = (
				18E75EC51BB26A5900814369 /* Calculator.h */,
				18E75EC31BB269CB00814369 /* Calculator.m */,
			);
			name = expression;
			sourceTree = "<group>";
		};
		18E75ECD1BB27AED00814369 /* loop */ = {
			isa = PBXGroup;
			children = (
				18E75ECE1BB27B2C00814369 /* MyLoop.h */,
				18E75ECF1BB27E8300814369 /* MyLoop.m */,
			);
			name = loop;
			sourceTree = "<group>";
		};
/* End PBXGroup section */

/* Begin PBXNativeTarget section */
		18E75EB31BB22BCC00814369 /* ObjectiveStudyTest */ = {
			isa = PBXNativeTarget;
			buildConfigurationList = 18E75EBB1BB22BCC00814369 /* Build configuration list for PBXNativeTarget "ObjectiveStudyTest" */;
			buildPhases = (
				18E75EB01BB22BCC00814369 /* Sources */,
				18E75EB11BB22BCC00814369 /* Frameworks */,
				18E75EB21BB22BCC00814369 /* CopyFiles */,
			);
			buildRules = (
			);
			dependencies = (
			);
			name = ObjectiveStudyTest;
			productName = ObjectiveStudyTest;
			productReference = 18E75EB41BB22BCC00814369 /* ObjectiveStudyTest */;
			productType = "com.apple.product-type.tool";
		};
/* End PBXNativeTarget section */

/* Begin PBXProject section */
		18E75EAC1BB22BCC00814369 /* Project object */ = {
			isa = PBXProject;
			attributes = {
				LastUpgradeCheck = 0700;
				ORGANIZATIONNAME = nanxiaoqiang;
				TargetAttributes = {
					18E75EB31BB22BCC00814369 = {
						CreatedOnToolsVersion = 7.0;
					};
				};
			};
			buildConfigurationList = 18E75EAF1BB22BCC00814369 /* Build configuration list for PBXProject "ObjectiveStudyTest" */;
			compatibilityVersion = "Xcode 3.2";
			developmentRegion = English;
			hasScannedForEncodings = 0;
			knownRegions = (
				en,
			);
			mainGroup = 18E75EAB1BB22BCC00814369;
			productRefGroup = 18E75EB51BB22BCC00814369 /* Products */;
			projectDirPath = "";
			projectRoot = "";
			targets = (
				18E75EB31BB22BCC00814369 /* ObjectiveStudyTest */,
			);
		};
/* End PBXProject section */

/* Begin PBXSourcesBuildPhase section */
		18E75EB01BB22BCC00814369 /* Sources */ = {
			isa = PBXSourcesBuildPhase;
			buildActionMask = 2147483647;
			files = (
				18E75EBF1BB22DA100814369 /* Car.m in Sources */,
				18660E711BB3F65F0012B108 /* TestNSMutableString.m in Sources */,
				18660E6E1BB3D7F40012B108 /* TestNSString.m in Sources */,
				18660E5F1BB39CB70012B108 /* MyBool.m in Sources */,
				18660E6B1BB3BC3C0012B108 /* Rectangle.m in Sources */,
				18E75EC41BB269CB00814369 /* Calculator.m in Sources */,
				18660E7B1BB646720012B108 /* TestClass.m in Sources */,
				18E75EB81BB22BCC00814369 /* main.m in Sources */,
				18660E781BB61A790012B108 /* TestInitClass.m in Sources */,
				18E75ED01BB27E8300814369 /* MyLoop.m in Sources */,
				18660E751BB3FA320012B108 /* TestNSArray.m in Sources */,
				18660E691BB3B8FE0012B108 /* Circle.m in Sources */,
				18660E631BB3A0220012B108 /* WordLength.m in Sources */,
				18660E671BB3B7250012B108 /* Shape.m in Sources */,
			);
			runOnlyForDeploymentPostprocessing = 0;
		};
/* End PBXSourcesBuildPhase section */

/* Begin XCBuildConfiguration section */
		18E75EB91BB22BCC00814369 /* Debug */ = {
			isa = XCBuildConfiguration;
			buildSettings = {
				ALWAYS_SEARCH_USER_PATHS = NO;
				CLANG_CXX_LANGUAGE_STANDARD = "gnu++0x";
				CLANG_CXX_LIBRARY = "libc++";
				CLANG_ENABLE_MODULES = YES;
				CLANG_ENABLE_OBJC_ARC = YES;
				CLANG_WARN_BOOL_CONVERSION = YES;
				CLANG_WARN_CONSTANT_CONVERSION = YES;
				CLANG_WARN_DIRECT_OBJC_ISA_USAGE = YES_ERROR;
				CLANG_WARN_EMPTY_BODY = YES;
				CLANG_WARN_ENUM_CONVERSION = YES;
				CLANG_WARN_INT_CONVERSION = YES;
				CLANG_WARN_OBJC_ROOT_CLASS = YES_ERROR;
				CLANG_WARN_UNREACHABLE_CODE = YES;
				CLANG_WARN__DUPLICATE_METHOD_MATCH = YES;
				COPY_PHASE_STRIP = NO;
				DEBUG_INFORMATION_FORMAT = dwarf;
				ENABLE_STRICT_OBJC_MSGSEND = YES;
				ENABLE_TESTABILITY = YES;
				GCC_C_LANGUAGE_STANDARD = gnu99;
				GCC_DYNAMIC_NO_PIC = NO;
				GCC_NO_COMMON_BLOCKS = YES;
				GCC_OPTIMIZATION_LEVEL = 0;
				GCC_PREPROCESSOR_DEFINITIONS = (
					"DEBUG=1",
					"$(inherited)",
				);
				GCC_WARN_64_TO_32_BIT_CONVERSION = YES;
				GCC_WARN_ABOUT_RETURN_TYPE = YES_ERROR;
				GCC_WARN_UNDECLARED_SELECTOR = YES;
				GCC_WARN_UNINITIALIZED_AUTOS = YES_AGGRESSIVE;
				GCC_WARN_UNUSED_FUNCTION = YES;
				GCC_WARN_UNUSED_VARIABLE = YES;
				MACOSX_DEPLOYMENT_TARGET = 10.10;
				MTL_ENABLE_DEBUG_INFO = YES;
				ONLY_ACTIVE_ARCH = YES;
				SDKROOT = macosx;
			};
			name = Debug;
		};
		18E75EBA1BB22BCC00814369 /* Release */ = {
			isa = XCBuildConfiguration;
			buildSettings = {
				ALWAYS_SEARCH_USER_PATHS = NO;
				CLANG_CXX_LANGUAGE_STANDARD = "gnu++0x";
				CLANG_CXX_LIBRARY = "libc++";
				CLANG_ENABLE_MODULES = YES;
				CLANG_ENABLE_OBJC_ARC = YES;
				CLANG_WARN_BOOL_CONVERSION = YES;
				CLANG_WARN_CONSTANT_CONVERSION = YES;
				CLANG_WARN_DIRECT_OBJC_ISA_USAGE = YES_ERROR;
				CLANG_WARN_EMPTY_BODY = YES;
				CLANG_WARN_ENUM_CONVERSION = YES;
				CLANG_WARN_INT_CONVERSION = YES;
				CLANG_WARN_OBJC_ROOT_CLASS = YES_ERROR;
				CLANG_WARN_UNREACHABLE_CODE = YES;
				CLANG_WARN__DUPLICATE_METHOD_MATCH = YES;
				COPY_PHASE_STRIP = NO;
				DEBUG_INFORMATION_FORMAT = "dwarf-with-dsym";
				ENABLE_NS_ASSERTIONS = NO;
				ENABLE_STRICT_OBJC_MSGSEND = YES;
				GCC_C_LANGUAGE_STANDARD = gnu99;
				GCC_NO_COMMON_BLOCKS = YES;
				GCC_WARN_64_TO_32_BIT_CONVERSION = YES;
				GCC_WARN_ABOUT_RETURN_TYPE = YES_ERROR;
				GCC_WARN_UNDECLARED_SELECTOR = YES;
				GCC_WARN_UNINITIALIZED_AUTOS = YES_AGGRESSIVE;
				GCC_WARN_UNUSED_FUNCTION = YES;
				GCC_WARN_UNUSED_VARIABLE = YES;
				MACOSX_DEPLOYMENT_TARGET = 10.10;
				MTL_ENABLE_DEBUG_INFO = NO;
				SDKROOT = macosx;
			};
			name = Release;
		};
		18E75EBC1BB22BCC00814369 /* Debug */ = {
			isa = XCBuildConfiguration;
			buildSettings = {
				PRODUCT_NAME = "$(TARGET_NAME)";
			};
			name = Debug;
		};
		18E75EBD1BB22BCC00814369 /* Release */ = {
			isa = XCBuildConfiguration;
			buildSettings = {
				PRODUCT_NAME = "$(TARGET_NAME)";
			};
			name = Release;
		};
/* End XCBuildConfiguration section */

/* Begin XCConfigurationList section */
		18E75EAF1BB22BCC00814369 /* Build configuration list for PBXProject "ObjectiveStudyTest" */ = {
			isa = XCConfigurationList;
			buildConfigurations = (
				18E75EB91BB22BCC00814369 /* Debug */,
				18E75EBA1BB22BCC00814369 /* Release */,
			);
			defaultConfigurationIsVisible = 0;
			defaultConfigurationName = Release;
		};
		18E75EBB1BB22BCC00814369 /* Build configuration list for PBXNativeTarget "ObjectiveStudyTest" */ = {
			isa = XCConfigurationList;
			buildConfigurations = (
				18E75EBC1BB22BCC00814369 /* Debug */,
				18E75EBD1BB22BCC00814369 /* Release */,
			);
			defaultConfigurationIsVisible = 0;
			defaultConfigurationName = Release;
		};
/* End XCConfigurationList section */
	};
	rootObject = 18E75EAC1BB22BCC00814369 /* Project object */;
}
